// !$*UTF8*$!
{
	archiveVersion = 1;
	classes = {
	};
	objectVersion = 46;
	objects = {

/* Begin PBXBuildFile section */
		1463DCFC1D19E23C00DB64BB /* AppDelegate.swift in Sources */ = {isa = PBXBuildFile; fileRef = 1463DCFB1D19E23C00DB64BB /* AppDelegate.swift */; };
		1463DCFE1D19E23C00DB64BB /* ViewController.swift in Sources */ = {isa = PBXBuildFile; fileRef = 1463DCFD1D19E23C00DB64BB /* ViewController.swift */; };
		1463DD011D19E23C00DB64BB /* Main.storyboard in Resources */ = {isa = PBXBuildFile; fileRef = 1463DCFF1D19E23C00DB64BB /* Main.storyboard */; };
		1463DD031D19E23C00DB64BB /* Assets.xcassets in Resources */ = {isa = PBXBuildFile; fileRef = 1463DD021D19E23C00DB64BB /* Assets.xcassets */; };
		1463DD061D19E23C00DB64BB /* LaunchScreen.storyboard in Resources */ = {isa = PBXBuildFile; fileRef = 1463DD041D19E23C00DB64BB /* LaunchScreen.storyboard */; };
		4EB19454AD0A92026F7BB2B1 /* Pods_SRControlPoints.framework in Frameworks */ = {isa = PBXBuildFile; fileRef = 53CAAEB25F72CA384EC0CB93 /* Pods_SRControlPoints.framework */; };
/* End PBXBuildFile section */

/* Begin PBXFileReference section */
		1463DCF81D19E23C00DB64BB /* SRControlPoints.app */ = {isa = PBXFileReference; explicitFileType = wrapper.application; includeInIndex = 0; path = SRControlPoints.app; sourceTree = BUILT_PRODUCTS_DIR; };
		1463DCFB1D19E23C00DB64BB /* AppDelegate.swift */ = {isa = PBXFileReference; lastKnownFileType = sourcecode.swift; path = AppDelegate.swift; sourceTree = "<group>"; };
		1463DCFD1D19E23C00DB64BB /* ViewController.swift */ = {isa = PBXFileReference; lastKnownFileType = sourcecode.swift; path = ViewController.swift; sourceTree = "<group>"; };
		1463DD001D19E23C00DB64BB /* Base */ = {isa = PBXFileReference; lastKnownFileType = file.storyboard; name = Base; path = Base.lproj/Main.storyboard; sourceTree = "<group>"; };
		1463DD021D19E23C00DB64BB /* Assets.xcassets */ = {isa = PBXFileReference; lastKnownFileType = folder.assetcatalog; path = Assets.xcassets; sourceTree = "<group>"; };
		1463DD051D19E23C00DB64BB /* Base */ = {isa = PBXFileReference; lastKnownFileType = file.storyboard; name = Base; path = Base.lproj/LaunchScreen.storyboard; sourceTree = "<group>"; };
		1463DD071D19E23C00DB64BB /* Info.plist */ = {isa = PBXFileReference; lastKnownFileType = text.plist.xml; path = Info.plist; sourceTree = "<group>"; };
		53CAAEB25F72CA384EC0CB93 /* Pods_SRControlPoints.framework */ = {isa = PBXFileReference; explicitFileType = wrapper.framework; includeInIndex = 0; path = Pods_SRControlPoints.framework; sourceTree = BUILT_PRODUCTS_DIR; };
		81F53E914DD5B08C11C8DE5C /* Pods-SRControlPoints.release.xcconfig */ = {isa = PBXFileReference; includeInIndex = 1; lastKnownFileType = text.xcconfig; name = "Pods-SRControlPoints.release.xcconfig"; path = "Pods/Target Support Files/Pods-SRControlPoints/Pods-SRControlPoints.release.xcconfig"; sourceTree = "<group>"; };
		D116097687C632695065FAE4 /* Pods-SRControlPoints.debug.xcconfig */ = {isa = PBXFileReference; includeInIndex = 1; lastKnownFileType = text.xcconfig; name = "Pods-SRControlPoints.debug.xcconfig"; path = "Pods/Target Support Files/Pods-SRControlPoints/Pods-SRControlPoints.debug.xcconfig"; sourceTree = "<group>"; };
/* End PBXFileReference section */

/* Begin PBXFrameworksBuildPhase section */
		1463DCF51D19E23C00DB64BB /* Frameworks */ = {
			isa = PBXFrameworksBuildPhase;
			buildActionMask = 2147483647;
			files = (
				4EB19454AD0A92026F7BB2B1 /* Pods_SRControlPoints.framework in Frameworks */,
			);
			runOnlyForDeploymentPostprocessing = 0;
		};
/* End PBXFrameworksBuildPhase section */

/* Begin PBXGroup section */
		1463DCEF1D19E23C00DB64BB = {
			isa = PBXGroup;
			children = (
				1463DCFA1D19E23C00DB64BB /* SRControlPoints */,
				1463DCF91D19E23C00DB64BB /* Products */,
				B94E35B58E3297CAF7EF2B1B /* Pods */,
				8E6EB0DAD1356B267A34A880 /* Frameworks */,
			);
			sourceTree = "<group>";
		};
		1463DCF91D19E23C00DB64BB /* Products */ = {
			isa = PBXGroup;
			children = (
				1463DCF81D19E23C00DB64BB /* SRControlPoints.app */,
			);
			name = Products;
			sourceTree = "<group>";
		};
		1463DCFA1D19E23C00DB64BB /* SRControlPoints */ = {
			isa = PBXGroup;
			children = (
				1463DCFB1D19E23C00DB64BB /* AppDelegate.swift */,
				1463DCFD1D19E23C00DB64BB /* ViewController.swift */,
				1463DD0D1D19E25500DB64BB /* Supporting Files */,
			);
			path = SRControlPoints;
			sourceTree = "<group>";
		};
		1463DD0D1D19E25500DB64BB /* Supporting Files */ = {
			isa = PBXGroup;
			children = (
				1463DCFF1D19E23C00DB64BB /* Main.storyboard */,
				1463DD021D19E23C00DB64BB /* Assets.xcassets */,
				1463DD041D19E23C00DB64BB /* LaunchScreen.storyboard */,
				1463DD071D19E23C00DB64BB /* Info.plist */,
			);
			name = "Supporting Files";
			sourceTree = "<group>";
		};
		8E6EB0DAD1356B267A34A880 /* Frameworks */ = {
			isa = PBXGroup;
			children = (
				53CAAEB25F72CA384EC0CB93 /* Pods_SRControlPoints.framework */,
			);
			name = Frameworks;
			sourceTree = "<group>";
		};
		B94E35B58E3297CAF7EF2B1B /* Pods */ = {
			isa = PBXGroup;
			children = (
				D116097687C632695065FAE4 /* Pods-SRControlPoints.debug.xcconfig */,
				81F53E914DD5B08C11C8DE5C /* Pods-SRControlPoints.release.xcconfig */,
			);
			name = Pods;
			sourceTree = "<group>";
		};
/* End PBXGroup section */

/* Begin PBXNativeTarget section */
		1463DCF71D19E23C00DB64BB /* SRControlPoints */ = {
			isa = PBXNativeTarget;
			buildConfigurationList = 1463DD0A1D19E23C00DB64BB /* Build configuration list for PBXNativeTarget "SRControlPoints" */;
			buildPhases = (
				24424EF9BCB7B5C0804C7883 /* [CP] Check Pods Manifest.lock */,
				1463DCF41D19E23C00DB64BB /* Sources */,
				1463DCF51D19E23C00DB64BB /* Frameworks */,
				1463DCF61D19E23C00DB64BB /* Resources */,
				453DA662F67F5C6387EAD1A8 /* [CP] Embed Pods Frameworks */,
				13DD30D44664121753FF9523 /* [CP] Copy Pods Resources */,
			);
			buildRules = (
			);
			dependencies = (
			);
			name = SRControlPoints;
			productName = SRControlPoints;
			productReference = 1463DCF81D19E23C00DB64BB /* SRControlPoints.app */;
			productType = "com.apple.product-type.application";
		};
/* End PBXNativeTarget section */

/* Begin PBXProject section */
		1463DCF01D19E23C00DB64BB /* Project object */ = {
			isa = PBXProject;
			attributes = {
				LastSwiftUpdateCheck = 0730;
				LastUpgradeCheck = 0730;
				ORGANIZATIONNAME = catthoughts;
				TargetAttributes = {
					1463DCF71D19E23C00DB64BB = {
						CreatedOnToolsVersion = 7.3.1;
					};
				};
			};
			buildConfigurationList = 1463DCF31D19E23C00DB64BB /* Build configuration list for PBXProject "SRControlPoints" */;
			compatibilityVersion = "Xcode 3.2";
			developmentRegion = English;
			hasScannedForEncodings = 0;
			knownRegions = (
				en,
				Base,
			);
			mainGroup = 1463DCEF1D19E23C00DB64BB;
			productRefGroup = 1463DCF91D19E23C00DB64BB /* Products */;
			projectDirPath = "";
			projectRoot = "";
			targets = (
				1463DCF71D19E23C00DB64BB /* SRControlPoints */,
			);
		};
/* End PBXProject section */

/* Begin PBXResourcesBuildPhase section */
		1463DCF61D19E23C00DB64BB /* Resources */ = {
			isa = PBXResourcesBuildPhase;
			buildActionMask = 2147483647;
			files = (
				1463DD061D19E23C00DB64BB /* LaunchScreen.storyboard in Resources */,
				1463DD031D19E23C00DB64BB /* Assets.xcassets in Resources */,
				1463DD011D19E23C00DB64BB /* Main.storyboard in Resources */,
			);
			runOnlyForDeploymentPostprocessing = 0;
		};
/* End PBXResourcesBuildPhase section */

/* Begin PBXShellScriptBuildPhase section */
		13DD30D44664121753FF9523 /* [CP] Copy Pods Resources */ = {
			isa = PBXShellScriptBuildPhase;
			buildActionMask = 2147483647;
			files = (
			);
			inputPaths = (
			);
			name = "[CP] Copy Pods Resources";
			outputPaths = (
			);
			runOnlyForDeploymentPostprocessing = 0;
			shellPath = /bin/sh;
			shellScript = "\"${SRCROOT}/Pods/Target Support Files/Pods-SRControlPoints/Pods-SRControlPoints-resources.sh\"\n";
			showEnvVarsInLog = 0;
		};
		24424EF9BCB7B5C0804C7883 /* [CP] Check Pods Manifest.lock */ = {
			isa = PBXShellScriptBuildPhase;
			buildActionMask = 2147483647;
			files = (
			);
			inputPaths = (
			);
			name = "[CP] Check Pods Manifest.lock";
			outputPaths = (
			);
			runOnlyForDeploymentPostprocessing = 0;
			shellPath = /bin/sh;
			shellScript = "diff \"${PODS_ROOT}/../Podfile.lock\" \"${PODS_ROOT}/Manifest.lock\" > /dev/null\nif [[ $? != 0 ]] ; then\n    cat << EOM\nerror: The sandbox is not in sync with the Podfile.lock. Run 'pod install' or update your CocoaPods installation.\nEOM\n    exit 1\nfi\n";
			showEnvVarsInLog = 0;
		};
		453DA662F67F5C6387EAD1A8 /* [CP] Embed Pods Frameworks */ = {
			isa = PBXShellScriptBuildPhase;
			buildActionMask = 2147483647;
			files = (
			);
			inputPaths = (
			);
			name = "[CP] Embed Pods Frameworks";
			outputPaths = (
			);
			runOnlyForDeploymentPostprocessing = 0;
			shellPath = /bin/sh;
			shellScript = "\"${SRCROOT}/Pods/Target Support Files/Pods-SRControlPoints/Pods-SRControlPoints-frameworks.sh\"\n";
			showEnvVarsInLog = 0;
		};
/* End PBXShellScriptBuildPhase section */

/* Begin PBXSourcesBuildPhase section */
		1463DCF41D19E23C00DB64BB /* Sources */ = {
			isa = PBXSourcesBuildPhase;
			buildActionMask = 2147483647;
			files = (
				1463DCFE1D19E23C00DB64BB /* ViewController.swift in Sources */,
				1463DCFC1D19E23C00DB64BB /* AppDelegate.swift in Sources */,
			);
			runOnlyForDeploymentPostprocessing = 0;
		};
/* End PBXSourcesBuildPhase section */

/* Begin PBXVariantGroup section */
		1463DCFF1D19E23C00DB64BB /* Main.storyboard */ = {
			isa = PBXVariantGroup;
			children = (
				1463DD001D19E23C00DB64BB /* Base */,
			);
			name = Main.storyboard;
			sourceTree = "<group>";
		};
		1463DD041D19E23C00DB64BB /* LaunchScreen.storyboard */ = {
			isa = PBXVariantGroup;
			children = (
				1463DD051D19E23C00DB64BB /* Base */,
			);
			name = LaunchScreen.storyboard;
			sourceTree = "<group>";
		};
/* End PBXVariantGroup section */

/* Begin XCBuildConfiguration section */
		1463DD081D19E23C00DB64BB /* Debug */ = {
			isa = XCBuildConfiguration;
			buildSettings = {
				ALWAYS_SEARCH_USER_PATHS = NO;
				CLANG_ANALYZER_NONNULL = YES;
				CLANG_CXX_LANGUAGE_STANDARD = "gnu++0x";
				CLANG_CXX_LIBRARY = "libc++";
				CLANG_ENABLE_MODULES = YES;
				CLANG_ENABLE_OBJC_ARC = YES;
				CLANG_WARN_BOOL_CONVERSION = YES;
				CLANG_WARN_CONSTANT_CONVERSION = YES;
				CLANG_WARN_DIRECT_OBJC_ISA_USAGE = YES_ERROR;
				CLANG_WARN_EMPTY_BODY = YES;
				CLANG_WARN_ENUM_CONVERSION = YES;
				CLANG_WARN_INT_CONVERSION = YES;
				CLANG_WARN_OBJC_ROOT_CLASS = YES_ERROR;
				CLANG_WARN_UNREACHABLE_CODE = YES;
				CLANG_WARN__DUPLICATE_METHOD_MATCH = YES;
				"CODE_SIGN_IDENTITY[sdk=iphoneos*]" = "iPhone Developer";
				COPY_PHASE_STRIP = NO;
				DEBUG_INFORMATION_FORMAT = dwarf;
				ENABLE_STRICT_OBJC_MSGSEND = YES;
				ENABLE_TESTABILITY = YES;
				GCC_C_LANGUAGE_STANDARD = gnu99;
				GCC_DYNAMIC_NO_PIC = NO;
				GCC_NO_COMMON_BLOCKS = YES;
				GCC_OPTIMIZATION_LEVEL = 0;
				GCC_PREPROCESSOR_DEFINITIONS = (
					"DEBUG=1",
					"$(inherited)",
				);
				GCC_WARN_64_TO_32_BIT_CONVERSION = YES;
				GCC_WARN_ABOUT_RETURN_TYPE = YES_ERROR;
				GCC_WARN_UNDECLARED_SELECTOR = YES;
				GCC_WARN_UNINITIALIZED_AUTOS = YES_AGGRESSIVE;
				GCC_WARN_UNUSED_FUNCTION = YES;
				GCC_WARN_UNUSED_VARIABLE = YES;
				IPHONEOS_DEPLOYMENT_TARGET = 9.3;
				MTL_ENABLE_DEBUG_INFO = YES;
				ONLY_ACTIVE_ARCH = YES;
				SDKROOT = iphoneos;
				SWIFT_OPTIMIZATION_LEVEL = "-Onone";
			};
			name = Debug;
		};
		1463DD091D19E23C00DB64BB /* Release */ = {
			isa = XCBuildConfiguration;
			buildSettings = {
				ALWAYS_SEARCH_USER_PATHS = NO;
				CLANG_ANALYZER_NONNULL = YES;
				CLANG_CXX_LANGUAGE_STANDARD = "gnu++0x";
				CLANG_CXX_LIBRARY = "libc++";
				CLANG_ENABLE_MODULES = YES;
				CLANG_ENABLE_OBJC_ARC = YES;
				CLANG_WARN_BOOL_CONVERSION = YES;
				CLANG_WARN_CONSTANT_CONVERSION = YES;
				CLANG_WARN_DIRECT_OBJC_ISA_USAGE = YES_ERROR;
				CLANG_WARN_EMPTY_BODY = YES;
				CLANG_WARN_ENUM_CONVERSION = YES;
				CLANG_WARN_INT_CONVERSION = YES;
				CLANG_WARN_OBJC_ROOT_CLASS = YES_ERROR;
				CLANG_WARN_UNREACHABLE_CODE = YES;
				CLANG_WARN__DUPLICATE_METHOD_MATCH = YES;
				"CODE_SIGN_IDENTITY[sdk=iphoneos*]" = "iPhone Developer";
				COPY_PHASE_STRIP = NO;
				DEBUG_INFORMATION_FORMAT = "dwarf-with-dsym";
				ENABLE_NS_ASSERTIONS = NO;
				ENABLE_STRICT_OBJC_MSGSEND = YES;
				GCC_C_LANGUAGE_STANDARD = gnu99;
				GCC_NO_COMMON_BLOCKS = YES;
				GCC_WARN_64_TO_32_BIT_CONVERSION = YES;
				GCC_WARN_ABOUT_RETURN_TYPE = YES_ERROR;
				GCC_WARN_UNDECLARED_SELECTOR = YES;
				GCC_WARN_UNINITIALIZED_AUTOS = YES_AGGRESSIVE;
				GCC_WARN_UNUSED_FUNCTION = YES;
				GCC_WARN_UNUSED_VARIABLE = YES;
				IPHONEOS_DEPLOYMENT_TARGET = 9.3;
				MTL_ENABLE_DEBUG_INFO = NO;
				SDKROOT = iphoneos;
				VALIDATE_PRODUCT = YES;
			};
			name = Release;
		};
		1463DD0B1D19E23C00DB64BB /* Debug */ = {
			isa = XCBuildConfiguration;
			baseConfigurationReference = D116097687C632695065FAE4 /* Pods-SRControlPoints.debug.xcconfig */;
			buildSettings = {
				ASSETCATALOG_COMPILER_APPICON_NAME = AppIcon;
				INFOPLIST_FILE = SRControlPoints/Info.plist;
				LD_RUNPATH_SEARCH_PATHS = "$(inherited) @executable_path/Frameworks";
				PRODUCT_BUNDLE_IDENTIFIER = catthoughts.SRControlPoints;
				PRODUCT_NAME = "$(TARGET_NAME)";
			};
			name = Debug;
		};
		1463DD0C1D19E23C00DB64BB /* Release */ = {
			isa = XCBuildConfiguration;
			baseConfigurationReference = 81F53E914DD5B08C11C8DE5C /* Pods-SRControlPoints.release.xcconfig */;
			buildSettings = {
				ASSETCATALOG_COMPILER_APPICON_NAME = AppIcon;
				INFOPLIST_FILE = SRControlPoints/Info.plist;
				LD_RUNPATH_SEARCH_PATHS = "$(inherited) @executable_path/Frameworks";
				PRODUCT_BUNDLE_IDENTIFIER = catthoughts.SRControlPoints;
				PRODUCT_NAME = "$(TARGET_NAME)";
			};
			name = Release;
		};
/* End XCBuildConfiguration section */

/* Begin XCConfigurationList section */
		1463DCF31D19E23C00DB64BB /* Build configuration list for PBXProject "SRControlPoints" */ = {
			isa = XCConfigurationList;
			buildConfigurations = (
				1463DD081D19E23C00DB64BB /* Debug */,
				1463DD091D19E23C00DB64BB /* Release */,
			);
			defaultConfigurationIsVisible = 0;
			defaultConfigurationName = Release;
		};
		1463DD0A1D19E23C00DB64BB /* Build configuration list for PBXNativeTarget "SRControlPoints" */ = {
			isa = XCConfigurationList;
			buildConfigurations = (
				1463DD0B1D19E23C00DB64BB /* Debug */,
				1463DD0C1D19E23C00DB64BB /* Release */,
			);
			defaultConfigurationIsVisible = 0;
			defaultConfigurationName = Release;
		};
/* End XCConfigurationList section */
	};
	rootObject = 1463DCF01D19E23C00DB64BB /* Project object */;
}
